// !$*UTF8*$!
{
	archiveVersion = 1;
	classes = {
	};
	objectVersion = 46;
	objects = {

/* Begin PBXBuildFile section */
		C47BD00517EBA66700354F32 /* Foundation.framework in Frameworks */ = {isa = PBXBuildFile; fileRef = C47BD00417EBA66700354F32 /* Foundation.framework */; };
		C47BD00717EBA66700354F32 /* CoreGraphics.framework in Frameworks */ = {isa = PBXBuildFile; fileRef = C47BD00617EBA66700354F32 /* CoreGraphics.framework */; };
		C47BD00917EBA66700354F32 /* UIKit.framework in Frameworks */ = {isa = PBXBuildFile; fileRef = C47BD00817EBA66700354F32 /* UIKit.framework */; };
		C47BD00F17EBA66700354F32 /* InfoPlist.strings in Resources */ = {isa = PBXBuildFile; fileRef = C47BD00D17EBA66700354F32 /* InfoPlist.strings */; };
		C47BD01117EBA66700354F32 /* main.m in Sources */ = {isa = PBXBuildFile; fileRef = C47BD01017EBA66700354F32 /* main.m */; };
		C47BD01517EBA66700354F32 /* HypnosisterAppDelegate.m in Sources */ = {isa = PBXBuildFile; fileRef = C47BD01417EBA66700354F32 /* HypnosisterAppDelegate.m */; };
		C47BD01717EBA66700354F32 /* Images.xcassets in Resources */ = {isa = PBXBuildFile; fileRef = C47BD01617EBA66700354F32 /* Images.xcassets */; };
		C47BD01E17EBA66700354F32 /* XCTest.framework in Frameworks */ = {isa = PBXBuildFile; fileRef = C47BD01D17EBA66700354F32 /* XCTest.framework */; };
		C47BD01F17EBA66700354F32 /* Foundation.framework in Frameworks */ = {isa = PBXBuildFile; fileRef = C47BD00417EBA66700354F32 /* Foundation.framework */; };
		C47BD02017EBA66700354F32 /* UIKit.framework in Frameworks */ = {isa = PBXBuildFile; fileRef = C47BD00817EBA66700354F32 /* UIKit.framework */; };
		C47BD02817EBA66700354F32 /* InfoPlist.strings in Resources */ = {isa = PBXBuildFile; fileRef = C47BD02617EBA66700354F32 /* InfoPlist.strings */; };
		C47BD02A17EBA66700354F32 /* HypnosisterTests.m in Sources */ = {isa = PBXBuildFile; fileRef = C47BD02917EBA66700354F32 /* HypnosisterTests.m */; };
/* End PBXBuildFile section */

/* Begin PBXContainerItemProxy section */
		C47BD02117EBA66700354F32 /* PBXContainerItemProxy */ = {
			isa = PBXContainerItemProxy;
			containerPortal = C47BCFF917EBA66700354F32 /* Project object */;
			proxyType = 1;
			remoteGlobalIDString = C47BD00017EBA66700354F32;
			remoteInfo = Hypnosister;
		};
/* End PBXContainerItemProxy section */

/* Begin PBXFileReference section */
		C47BD00117EBA66700354F32 /* Hypnosister.app */ = {isa = PBXFileReference; explicitFileType = wrapper.application; includeInIndex = 0; path = Hypnosister.app; sourceTree = BUILT_PRODUCTS_DIR; };
		C47BD00417EBA66700354F32 /* Foundation.framework */ = {isa = PBXFileReference; lastKnownFileType = wrapper.framework; name = Foundation.framework; path = System/Library/Frameworks/Foundation.framework; sourceTree = SDKROOT; };
		C47BD00617EBA66700354F32 /* CoreGraphics.framework */ = {isa = PBXFileReference; lastKnownFileType = wrapper.framework; name = CoreGraphics.framework; path = System/Library/Frameworks/CoreGraphics.framework; sourceTree = SDKROOT; };
		C47BD00817EBA66700354F32 /* UIKit.framework */ = {isa = PBXFileReference; lastKnownFileType = wrapper.framework; name = UIKit.framework; path = System/Library/Frameworks/UIKit.framework; sourceTree = SDKROOT; };
		C47BD00C17EBA66700354F32 /* Hypnosister-Info.plist */ = {isa = PBXFileReference; lastKnownFileType = text.plist.xml; path = "Hypnosister-Info.plist"; sourceTree = "<group>"; };
		C47BD00E17EBA66700354F32 /* en */ = {isa = PBXFileReference; lastKnownFileType = text.plist.strings; name = en; path = en.lproj/InfoPlist.strings; sourceTree = "<group>"; };
		C47BD01017EBA66700354F32 /* main.m */ = {isa = PBXFileReference; lastKnownFileType = sourcecode.c.objc; path = main.m; sourceTree = "<group>"; };
		C47BD01217EBA66700354F32 /* Hypnosister-Prefix.pch */ = {isa = PBXFileReference; lastKnownFileType = sourcecode.c.h; path = "Hypnosister-Prefix.pch"; sourceTree = "<group>"; };
		C47BD01317EBA66700354F32 /* HypnosisterAppDelegate.h */ = {isa = PBXFileReference; lastKnownFileType = sourcecode.c.h; path = HypnosisterAppDelegate.h; sourceTree = "<group>"; };
		C47BD01417EBA66700354F32 /* HypnosisterAppDelegate.m */ = {isa = PBXFileReference; lastKnownFileType = sourcecode.c.objc; path = HypnosisterAppDelegate.m; sourceTree = "<group>"; };
		C47BD01617EBA66700354F32 /* Images.xcassets */ = {isa = PBXFileReference; lastKnownFileType = folder.assetcatalog; path = Images.xcassets; sourceTree = "<group>"; };
		C47BD01C17EBA66700354F32 /* HypnosisterTests.xctest */ = {isa = PBXFileReference; explicitFileType = wrapper.cfbundle; includeInIndex = 0; path = HypnosisterTests.xctest; sourceTree = BUILT_PRODUCTS_DIR; };
		C47BD01D17EBA66700354F32 /* XCTest.framework */ = {isa = PBXFileReference; lastKnownFileType = wrapper.framework; name = XCTest.framework; path = Library/Frameworks/XCTest.framework; sourceTree = DEVELOPER_DIR; };
		C47BD02517EBA66700354F32 /* HypnosisterTests-Info.plist */ = {isa = PBXFileReference; lastKnownFileType = text.plist.xml; path = "HypnosisterTests-Info.plist"; sourceTree = "<group>"; };
		C47BD02717EBA66700354F32 /* en */ = {isa = PBXFileReference; lastKnownFileType = text.plist.strings; name = en; path = en.lproj/InfoPlist.strings; sourceTree = "<group>"; };
		C47BD02917EBA66700354F32 /* HypnosisterTests.m */ = {isa = PBXFileReference; lastKnownFileType = sourcecode.c.objc; path = HypnosisterTests.m; sourceTree = "<group>"; };
/* End PBXFileReference section */

/* Begin PBXFrameworksBuildPhase section */
		C47BCFFE17EBA66700354F32 /* Frameworks */ = {
			isa = PBXFrameworksBuildPhase;
			buildActionMask = 2147483647;
			files = (
				C47BD00717EBA66700354F32 /* CoreGraphics.framework in Frameworks */,
				C47BD00917EBA66700354F32 /* UIKit.framework in Frameworks */,
				C47BD00517EBA66700354F32 /* Foundation.framework in Frameworks */,
			);
			runOnlyForDeploymentPostprocessing = 0;
		};
		C47BD01917EBA66700354F32 /* Frameworks */ = {
			isa = PBXFrameworksBuildPhase;
			buildActionMask = 2147483647;
			files = (
				C47BD01E17EBA66700354F32 /* XCTest.framework in Frameworks */,
				C47BD02017EBA66700354F32 /* UIKit.framework in Frameworks */,
				C47BD01F17EBA66700354F32 /* Foundation.framework in Frameworks */,
			);
			runOnlyForDeploymentPostprocessing = 0;
		};
/* End PBXFrameworksBuildPhase section */

/* Begin PBXGroup section */
		C47BCFF817EBA66700354F32 = {
			isa = PBXGroup;
			children = (
				C47BD00A17EBA66700354F32 /* Hypnosister */,
				C47BD02317EBA66700354F32 /* HypnosisterTests */,
				C47BD00317EBA66700354F32 /* Frameworks */,
				C47BD00217EBA66700354F32 /* Products */,
			);
			sourceTree = "<group>";
		};
		C47BD00217EBA66700354F32 /* Products */ = {
			isa = PBXGroup;
			children = (
				C47BD00117EBA66700354F32 /* Hypnosister.app */,
				C47BD01C17EBA66700354F32 /* HypnosisterTests.xctest */,
			);
			name = Products;
			sourceTree = "<group>";
		};
		C47BD00317EBA66700354F32 /* Frameworks */ = {
			isa = PBXGroup;
			children = (
				C47BD00417EBA66700354F32 /* Foundation.framework */,
				C47BD00617EBA66700354F32 /* CoreGraphics.framework */,
				C47BD00817EBA66700354F32 /* UIKit.framework */,
				C47BD01D17EBA66700354F32 /* XCTest.framework */,
			);
			name = Frameworks;
			sourceTree = "<group>";
		};
		C47BD00A17EBA66700354F32 /* Hypnosister */ = {
			isa = PBXGroup;
			children = (
				C47BD01317EBA66700354F32 /* HypnosisterAppDelegate.h */,
				C47BD01417EBA66700354F32 /* HypnosisterAppDelegate.m */,
				C47BD01617EBA66700354F32 /* Images.xcassets */,
				C47BD00B17EBA66700354F32 /* Supporting Files */,
			);
			path = Hypnosister;
			sourceTree = "<group>";
		};
		C47BD00B17EBA66700354F32 /* Supporting Files */ = {
			isa = PBXGroup;
			children = (
				C47BD00C17EBA66700354F32 /* Hypnosister-Info.plist */,
				C47BD00D17EBA66700354F32 /* InfoPlist.strings */,
				C47BD01017EBA66700354F32 /* main.m */,
				C47BD01217EBA66700354F32 /* Hypnosister-Prefix.pch */,
			);
			name = "Supporting Files";
			sourceTree = "<group>";
		};
		C47BD02317EBA66700354F32 /* HypnosisterTests */ = {
			isa = PBXGroup;
			children = (
				C47BD02917EBA66700354F32 /* HypnosisterTests.m */,
				C47BD02417EBA66700354F32 /* Supporting Files */,
			);
			path = HypnosisterTests;
			sourceTree = "<group>";
		};
		C47BD02417EBA66700354F32 /* Supporting Files */ = {
			isa = PBXGroup;
			children = (
				C47BD02517EBA66700354F32 /* HypnosisterTests-Info.plist */,
				C47BD02617EBA66700354F32 /* InfoPlist.strings */,
			);
			name = "Supporting Files";
			sourceTree = "<group>";
		};
/* End PBXGroup section */

/* Begin PBXNativeTarget section */
		C47BD00017EBA66700354F32 /* Hypnosister */ = {
			isa = PBXNativeTarget;
			buildConfigurationList = C47BD02D17EBA66700354F32 /* Build configuration list for PBXNativeTarget "Hypnosister" */;
			buildPhases = (
				C47BCFFD17EBA66700354F32 /* Sources */,
				C47BCFFE17EBA66700354F32 /* Frameworks */,
				C47BCFFF17EBA66700354F32 /* Resources */,
			);
			buildRules = (
			);
			dependencies = (
			);
			name = Hypnosister;
			productName = Hypnosister;
			productReference = C47BD00117EBA66700354F32 /* Hypnosister.app */;
			productType = "com.apple.product-type.application";
		};
		C47BD01B17EBA66700354F32 /* HypnosisterTests */ = {
			isa = PBXNativeTarget;
			buildConfigurationList = C47BD03017EBA66700354F32 /* Build configuration list for PBXNativeTarget "HypnosisterTests" */;
			buildPhases = (
				C47BD01817EBA66700354F32 /* Sources */,
				C47BD01917EBA66700354F32 /* Frameworks */,
				C47BD01A17EBA66700354F32 /* Resources */,
			);
			buildRules = (
			);
			dependencies = (
				C47BD02217EBA66700354F32 /* PBXTargetDependency */,
			);
			name = HypnosisterTests;
			productName = HypnosisterTests;
			productReference = C47BD01C17EBA66700354F32 /* HypnosisterTests.xctest */;
			productType = "com.apple.product-type.bundle.unit-test";
		};
/* End PBXNativeTarget section */

/* Begin PBXProject section */
		C47BCFF917EBA66700354F32 /* Project object */ = {
			isa = PBXProject;
			attributes = {
				CLASSPREFIX = Hypnosister;
				LastUpgradeCheck = 0500;
				ORGANIZATIONNAME = "Davindra Sutraban";
				TargetAttributes = {
					C47BD01B17EBA66700354F32 = {
						TestTargetID = C47BD00017EBA66700354F32;
					};
				};
			};
			buildConfigurationList = C47BCFFC17EBA66700354F32 /* Build configuration list for PBXProject "Hypnosister" */;
			compatibilityVersion = "Xcode 3.2";
			developmentRegion = English;
			hasScannedForEncodings = 0;
			knownRegions = (
				en,
			);
			mainGroup = C47BCFF817EBA66700354F32;
			productRefGroup = C47BD00217EBA66700354F32 /* Products */;
			projectDirPath = "";
			projectRoot = "";
			targets = (
				C47BD00017EBA66700354F32 /* Hypnosister */,
				C47BD01B17EBA66700354F32 /* HypnosisterTests */,
			);
		};
/* End PBXProject section */

/* Begin PBXResourcesBuildPhase section */
		C47BCFFF17EBA66700354F32 /* Resources */ = {
			isa = PBXResourcesBuildPhase;
			buildActionMask = 2147483647;
			files = (
				C47BD00F17EBA66700354F32 /* InfoPlist.strings in Resources */,
				C47BD01717EBA66700354F32 /* Images.xcassets in Resources */,
			);
			runOnlyForDeploymentPostprocessing = 0;
		};
		C47BD01A17EBA66700354F32 /* Resources */ = {
			isa = PBXResourcesBuildPhase;
			buildActionMask = 2147483647;
			files = (
				C47BD02817EBA66700354F32 /* InfoPlist.strings in Resources */,
			);
			runOnlyForDeploymentPostprocessing = 0;
		};
/* End PBXResourcesBuildPhase section */

/* Begin PBXSourcesBuildPhase section */
		C47BCFFD17EBA66700354F32 /* Sources */ = {
			isa = PBXSourcesBuildPhase;
			buildActionMask = 2147483647;
			files = (
				C47BD01117EBA66700354F32 /* main.m in Sources */,
				C47BD01517EBA66700354F32 /* HypnosisterAppDelegate.m in Sources */,
			);
			runOnlyForDeploymentPostprocessing = 0;
		};
		C47BD01817EBA66700354F32 /* Sources */ = {
			isa = PBXSourcesBuildPhase;
			buildActionMask = 2147483647;
			files = (
				C47BD02A17EBA66700354F32 /* HypnosisterTests.m in Sources */,
			);
			runOnlyForDeploymentPostprocessing = 0;
		};
/* End PBXSourcesBuildPhase section */

/* Begin PBXTargetDependency section */
		C47BD02217EBA66700354F32 /* PBXTargetDependency */ = {
			isa = PBXTargetDependency;
			target = C47BD00017EBA66700354F32 /* Hypnosister */;
			targetProxy = C47BD02117EBA66700354F32 /* PBXContainerItemProxy */;
		};
/* End PBXTargetDependency section */

/* Begin PBXVariantGroup section */
		C47BD00D17EBA66700354F32 /* InfoPlist.strings */ = {
			isa = PBXVariantGroup;
			children = (
				C47BD00E17EBA66700354F32 /* en */,
			);
			name = InfoPlist.strings;
			sourceTree = "<group>";
		};
		C47BD02617EBA66700354F32 /* InfoPlist.strings */ = {
			isa = PBXVariantGroup;
			children = (
				C47BD02717EBA66700354F32 /* en */,
			);
			name = InfoPlist.strings;
			sourceTree = "<group>";
		};
/* End PBXVariantGroup section */

/* Begin XCBuildConfiguration section */
		C47BD02B17EBA66700354F32 /* Debug */ = {
			isa = XCBuildConfiguration;
			buildSettings = {
				ALWAYS_SEARCH_USER_PATHS = NO;
				ARCHS = "$(ARCHS_STANDARD_INCLUDING_64_BIT)";
				CLANG_CXX_LANGUAGE_STANDARD = "gnu++0x";
				CLANG_CXX_LIBRARY = "libc++";
				CLANG_ENABLE_MODULES = YES;
				CLANG_ENABLE_OBJC_ARC = YES;
				CLANG_WARN_BOOL_CONVERSION = YES;
				CLANG_WARN_CONSTANT_CONVERSION = YES;
				CLANG_WARN_DIRECT_OBJC_ISA_USAGE = YES_ERROR;
				CLANG_WARN_EMPTY_BODY = YES;
				CLANG_WARN_ENUM_CONVERSION = YES;
				CLANG_WARN_INT_CONVERSION = YES;
				CLANG_WARN_OBJC_ROOT_CLASS = YES_ERROR;
				CLANG_WARN__DUPLICATE_METHOD_MATCH = YES;
				"CODE_SIGN_IDENTITY[sdk=iphoneos*]" = "iPhone Developer";
				COPY_PHASE_STRIP = NO;
				GCC_C_LANGUAGE_STANDARD = gnu99;
				GCC_DYNAMIC_NO_PIC = NO;
				GCC_OPTIMIZATION_LEVEL = 0;
				GCC_PREPROCESSOR_DEFINITIONS = (
					"DEBUG=1",
					"$(inherited)",
				);
				GCC_SYMBOLS_PRIVATE_EXTERN = NO;
				GCC_WARN_64_TO_32_BIT_CONVERSION = YES;
				GCC_WARN_ABOUT_RETURN_TYPE = YES_ERROR;
				GCC_WARN_UNDECLARED_SELECTOR = YES;
				GCC_WARN_UNINITIALIZED_AUTOS = YES;
				GCC_WARN_UNUSED_FUNCTION = YES;
				GCC_WARN_UNUSED_VARIABLE = YES;
				IPHONEOS_DEPLOYMENT_TARGET = 7.0;
				ONLY_ACTIVE_ARCH = YES;
				SDKROOT = iphoneos;
			};
			name = Debug;
		};
		C47BD02C17EBA66700354F32 /* Release */ = {
			isa = XCBuildConfiguration;
			buildSettings = {
				ALWAYS_SEARCH_USER_PATHS = NO;
				ARCHS = "$(ARCHS_STANDARD_INCLUDING_64_BIT)";
				CLANG_CXX_LANGUAGE_STANDARD = "gnu++0x";
				CLANG_CXX_LIBRARY = "libc++";
				CLANG_ENABLE_MODULES = YES;
				CLANG_ENABLE_OBJC_ARC = YES;
				CLANG_WARN_BOOL_CONVERSION = YES;
				CLANG_WARN_CONSTANT_CONVERSION = YES;
				CLANG_WARN_DIRECT_OBJC_ISA_USAGE = YES_ERROR;
				CLANG_WARN_EMPTY_BODY = YES;
				CLANG_WARN_ENUM_CONVERSION = YES;
				CLANG_WARN_INT_CONVERSION = YES;
				CLANG_WARN_OBJC_ROOT_CLASS = YES_ERROR;
				CLANG_WARN__DUPLICATE_METHOD_MATCH = YES;
				"CODE_SIGN_IDENTITY[sdk=iphoneos*]" = "iPhone Developer";
				COPY_PHASE_STRIP = YES;
				ENABLE_NS_ASSERTIONS = NO;
				GCC_C_LANGUAGE_STANDARD = gnu99;
				GCC_WARN_64_TO_32_BIT_CONVERSION = YES;
				GCC_WARN_ABOUT_RETURN_TYPE = YES_ERROR;
				GCC_WARN_UNDECLARED_SELECTOR = YES;
				GCC_WARN_UNINITIALIZED_AUTOS = YES;
				GCC_WARN_UNUSED_FUNCTION = YES;
				GCC_WARN_UNUSED_VARIABLE = YES;
				IPHONEOS_DEPLOYMENT_TARGET = 7.0;
				SDKROOT = iphoneos;
				VALIDATE_PRODUCT = YES;
			};
			name = Release;
		};
		C47BD02E17EBA66700354F32 /* Debug */ = {
			isa = XCBuildConfiguration;
			buildSettings = {
				ASSETCATALOG_COMPILER_APPICON_NAME = AppIcon;
				ASSETCATALOG_COMPILER_LAUNCHIMAGE_NAME = LaunchImage;
				GCC_PRECOMPILE_PREFIX_HEADER = YES;
				GCC_PREFIX_HEADER = "Hypnosister/Hypnosister-Prefix.pch";
				INFOPLIST_FILE = "Hypnosister/Hypnosister-Info.plist";
				PRODUCT_NAME = "$(TARGET_NAME)";
				WRAPPER_EXTENSION = app;
			};
			name = Debug;
		};
		C47BD02F17EBA66700354F32 /* Release */ = {
			isa = XCBuildConfiguration;
			buildSettings = {
				ASSETCATALOG_COMPILER_APPICON_NAME = AppIcon;
				ASSETCATALOG_COMPILER_LAUNCHIMAGE_NAME = LaunchImage;
				GCC_PRECOMPILE_PREFIX_HEADER = YES;
				GCC_PREFIX_HEADER = "Hypnosister/Hypnosister-Prefix.pch";
				INFOPLIST_FILE = "Hypnosister/Hypnosister-Info.plist";
				PRODUCT_NAME = "$(TARGET_NAME)";
				WRAPPER_EXTENSION = app;
			};
			name = Release;
		};
		C47BD03117EBA66700354F32 /* Debug */ = {
			isa = XCBuildConfiguration;
			buildSettings = {
				ARCHS = "$(ARCHS_STANDARD_INCLUDING_64_BIT)";
				BUNDLE_LOADER = "$(BUILT_PRODUCTS_DIR)/Hypnosister.app/Hypnosister";
				FRAMEWORK_SEARCH_PATHS = (
					"$(SDKROOT)/Developer/Library/Frameworks",
					"$(inherited)",
					"$(DEVELOPER_FRAMEWORKS_DIR)",
				);
				GCC_PRECOMPILE_PREFIX_HEADER = YES;
				GCC_PREFIX_HEADER = "Hypnosister/Hypnosister-Prefix.pch";
				GCC_PREPROCESSOR_DEFINITIONS = (
					"DEBUG=1",
					"$(inherited)",
				);
				INFOPLIST_FILE = "HypnosisterTests/HypnosisterTests-Info.plist";
				PRODUCT_NAME = "$(TARGET_NAME)";
				TEST_HOST = "$(BUNDLE_LOADER)";
				WRAPPER_EXTENSION = xctest;
			};
			name = Debug;
		};
		C47BD03217EBA66700354F32 /* Release */ = {
			isa = XCBuildConfiguration;
			buildSettings = {
				ARCHS = "$(ARCHS_STANDARD_INCLUDING_64_BIT)";
				BUNDLE_LOADER = "$(BUILT_PRODUCTS_DIR)/Hypnosister.app/Hypnosister";
				FRAMEWORK_SEARCH_PATHS = (
					"$(SDKROOT)/Developer/Library/Frameworks",
					"$(inherited)",
					"$(DEVELOPER_FRAMEWORKS_DIR)",
				);
				GCC_PRECOMPILE_PREFIX_HEADER = YES;
				GCC_PREFIX_HEADER = "Hypnosister/Hypnosister-Prefix.pch";
				INFOPLIST_FILE = "HypnosisterTests/HypnosisterTests-Info.plist";
				PRODUCT_NAME = "$(TARGET_NAME)";
				TEST_HOST = "$(BUNDLE_LOADER)";
				WRAPPER_EXTENSION = xctest;
			};
			name = Release;
		};
/* End XCBuildConfiguration section */

/* Begin XCConfigurationList section */
		C47BCFFC17EBA66700354F32 /* Build configuration list for PBXProject "Hypnosister" */ = {
			isa = XCConfigurationList;
			buildConfigurations = (
				C47BD02B17EBA66700354F32 /* Debug */,
				C47BD02C17EBA66700354F32 /* Release */,
			);
			defaultConfigurationIsVisible = 0;
			defaultConfigurationName = Release;
		};
		C47BD02D17EBA66700354F32 /* Build configuration list for PBXNativeTarget "Hypnosister" */ = {
			isa = XCConfigurationList;
			buildConfigurations = (
				C47BD02E17EBA66700354F32 /* Debug */,
				C47BD02F17EBA66700354F32 /* Release */,
			);
			defaultConfigurationIsVisible = 0;
		};
		C47BD03017EBA66700354F32 /* Build configuration list for PBXNativeTarget "HypnosisterTests" */ = {
			isa = XCConfigurationList;
			buildConfigurations = (
				C47BD03117EBA66700354F32 /* Debug */,
				C47BD03217EBA66700354F32 /* Release */,
			);
			defaultConfigurationIsVisible = 0;
		};
/* End XCConfigurationList section */
	};
	rootObject = C47BCFF917EBA66700354F32 /* Project object */;
}
